
Microsoft Visual Studio Solution File, Format Version 12.00
# Visual Studio 15
VisualStudioVersion = 15.0.27703.2035
MinimumVisualStudioVersion = 10.0.40219.1
Project("{FAE04EC0-301F-11D3-BF4B-00C04F79EFBC}") = "Web2", "Web2\Web2.csproj", "{1F8FE37B-8447-4AA7-BE32-D7B60983BF9E}"
EndProject
Global
	GlobalSection(SolutionConfigurationPlatforms) = preSolution
		Debug|Any CPU = Debug|Any CPU
		Release|Any CPU = Release|Any CPU
	EndGlobalSection
	GlobalSection(ProjectConfigurationPlatforms) = postSolution
		{1F8FE37B-8447-4AA7-BE32-D7B60983BF9E}.Debug|Any CPU.ActiveCfg = Debug|Any CPU
		{1F8FE37B-8447-4AA7-BE32-D7B60983BF9E}.Debug|Any CPU.Build.0 = Debug|Any CPU
		{1F8FE37B-8447-4AA7-BE32-D7B60983BF9E}.Release|Any CPU.ActiveCfg = Release|Any CPU
		{1F8FE37B-8447-4AA7-BE32-D7B60983BF9E}.Release|Any CPU.Build.0 = Release|Any CPU
	EndGlobalSection
	GlobalSection(SolutionProperties) = preSolution
		HideSolutionNode = FALSE
	EndGlobalSection
	GlobalSection(ExtensibilityGlobals) = postSolution
		SolutionGuid = {565F9F1F-65F0-4E99-848B-67E9514D35A5}
	EndGlobalSection
EndGlobal
